// !$*UTF8*$!
{
	archiveVersion = 1;
	classes = {
	};
	objectVersion = 56;
	objects = {

/* Begin PBXBuildFile section */
		9A106028284F0193002FE0BA /* Fever_MonitorApp.swift in Sources */ = {isa = PBXBuildFile; fileRef = 9A106027284F0193002FE0BA /* Fever_MonitorApp.swift */; };
		9A10602A284F0193002FE0BA /* ContentView.swift in Sources */ = {isa = PBXBuildFile; fileRef = 9A106029284F0193002FE0BA /* ContentView.swift */; };
		9A10602C284F0194002FE0BA /* Assets.xcassets in Resources */ = {isa = PBXBuildFile; fileRef = 9A10602B284F0194002FE0BA /* Assets.xcassets */; };
		9A106030284F0194002FE0BA /* Preview Assets.xcassets in Resources */ = {isa = PBXBuildFile; fileRef = 9A10602F284F0194002FE0BA /* Preview Assets.xcassets */; };
		9A10603A284F0194002FE0BA /* Fever_MonitorTests.swift in Sources */ = {isa = PBXBuildFile; fileRef = 9A106039284F0194002FE0BA /* Fever_MonitorTests.swift */; };
		9A106044284F0194002FE0BA /* Fever_MonitorUITests.swift in Sources */ = {isa = PBXBuildFile; fileRef = 9A106043284F0194002FE0BA /* Fever_MonitorUITests.swift */; };
		9A106046284F0194002FE0BA /* Fever_MonitorUITestsLaunchTests.swift in Sources */ = {isa = PBXBuildFile; fileRef = 9A106045284F0194002FE0BA /* Fever_MonitorUITestsLaunchTests.swift */; };
		9A106054284F2528002FE0BA /* SwiftUIPager in Frameworks */ = {isa = PBXBuildFile; productRef = 9A106053284F2528002FE0BA /* SwiftUIPager */; };
		9A106057284F2D3B002FE0BA /* Dashboard.swift in Sources */ = {isa = PBXBuildFile; fileRef = 9A106056284F2D3B002FE0BA /* Dashboard.swift */; };
		9A106059284F2D71002FE0BA /* ItemRow.swift in Sources */ = {isa = PBXBuildFile; fileRef = 9A106058284F2D71002FE0BA /* ItemRow.swift */; };
		9A10605D284F2E39002FE0BA /* IntEx.swift in Sources */ = {isa = PBXBuildFile; fileRef = 9A10605C284F2E39002FE0BA /* IntEx.swift */; };
		9A10605F284F3049002FE0BA /* TempList.swift in Sources */ = {isa = PBXBuildFile; fileRef = 9A10605E284F3049002FE0BA /* TempList.swift */; };
		9A106063284F3355002FE0BA /* Globals.swift in Sources */ = {isa = PBXBuildFile; fileRef = 9A106062284F3355002FE0BA /* Globals.swift */; };
		9A106065284F33C9002FE0BA /* DateEx.swift in Sources */ = {isa = PBXBuildFile; fileRef = 9A106064284F33C9002FE0BA /* DateEx.swift */; };
		9A106067284F3A74002FE0BA /* HideenEx.swift in Sources */ = {isa = PBXBuildFile; fileRef = 9A106066284F3A74002FE0BA /* HideenEx.swift */; };
		9A106069284F3B66002FE0BA /* Functions.swift in Sources */ = {isa = PBXBuildFile; fileRef = 9A106068284F3B66002FE0BA /* Functions.swift */; };
		9A10606C284F3B8B002FE0BA /* Users.swift in Sources */ = {isa = PBXBuildFile; fileRef = 9A10606B284F3B8B002FE0BA /* Users.swift */; };
		9A10606F284F3C00002FE0BA /* DefaultIcon.swift in Sources */ = {isa = PBXBuildFile; fileRef = 9A10606E284F3C00002FE0BA /* DefaultIcon.swift */; };
		9A106071284F3C87002FE0BA /* DoubleEx.swift in Sources */ = {isa = PBXBuildFile; fileRef = 9A106070284F3C87002FE0BA /* DoubleEx.swift */; };
		9A106074284F95A1002FE0BA /* SafeArea.swift in Sources */ = {isa = PBXBuildFile; fileRef = 9A106073284F95A1002FE0BA /* SafeArea.swift */; };
		9A106079284FA370002FE0BA /* ViewEx.swift in Sources */ = {isa = PBXBuildFile; fileRef = 9A106078284FA370002FE0BA /* ViewEx.swift */; };
		9A10607B284FA816002FE0BA /* LaunchScreen.swift in Sources */ = {isa = PBXBuildFile; fileRef = 9A10607A284FA816002FE0BA /* LaunchScreen.swift */; };
		9A10607F2850604E002FE0BA /* CircleNavigationButton.swift in Sources */ = {isa = PBXBuildFile; fileRef = 9A10607E2850604E002FE0BA /* CircleNavigationButton.swift */; };
		9A10608128506903002FE0BA /* TempListEx.swift in Sources */ = {isa = PBXBuildFile; fileRef = 9A10608028506903002FE0BA /* TempListEx.swift */; };
/* End PBXBuildFile section */

/* Begin PBXContainerItemProxy section */
		9A106036284F0194002FE0BA /* PBXContainerItemProxy */ = {
			isa = PBXContainerItemProxy;
			containerPortal = 9A10601C284F0193002FE0BA /* Project object */;
			proxyType = 1;
			remoteGlobalIDString = 9A106023284F0193002FE0BA;
			remoteInfo = "Fever Monitor";
		};
		9A106040284F0194002FE0BA /* PBXContainerItemProxy */ = {
			isa = PBXContainerItemProxy;
			containerPortal = 9A10601C284F0193002FE0BA /* Project object */;
			proxyType = 1;
			remoteGlobalIDString = 9A106023284F0193002FE0BA;
			remoteInfo = "Fever Monitor";
		};
/* End PBXContainerItemProxy section */

/* Begin PBXFileReference section */
		9A106024284F0193002FE0BA /* Fever Monitor.app */ = {isa = PBXFileReference; explicitFileType = wrapper.application; includeInIndex = 0; path = "Fever Monitor.app"; sourceTree = BUILT_PRODUCTS_DIR; };
		9A106027284F0193002FE0BA /* Fever_MonitorApp.swift */ = {isa = PBXFileReference; lastKnownFileType = sourcecode.swift; path = Fever_MonitorApp.swift; sourceTree = "<group>"; };
		9A106029284F0193002FE0BA /* ContentView.swift */ = {isa = PBXFileReference; lastKnownFileType = sourcecode.swift; path = ContentView.swift; sourceTree = "<group>"; };
		9A10602B284F0194002FE0BA /* Assets.xcassets */ = {isa = PBXFileReference; lastKnownFileType = folder.assetcatalog; path = Assets.xcassets; sourceTree = "<group>"; };
		9A10602D284F0194002FE0BA /* Fever_Monitor.entitlements */ = {isa = PBXFileReference; lastKnownFileType = text.plist.entitlements; path = Fever_Monitor.entitlements; sourceTree = "<group>"; };
		9A10602F284F0194002FE0BA /* Preview Assets.xcassets */ = {isa = PBXFileReference; lastKnownFileType = folder.assetcatalog; path = "Preview Assets.xcassets"; sourceTree = "<group>"; };
		9A106035284F0194002FE0BA /* Fever MonitorTests.xctest */ = {isa = PBXFileReference; explicitFileType = wrapper.cfbundle; includeInIndex = 0; path = "Fever MonitorTests.xctest"; sourceTree = BUILT_PRODUCTS_DIR; };
		9A106039284F0194002FE0BA /* Fever_MonitorTests.swift */ = {isa = PBXFileReference; lastKnownFileType = sourcecode.swift; path = Fever_MonitorTests.swift; sourceTree = "<group>"; };
		9A10603F284F0194002FE0BA /* Fever MonitorUITests.xctest */ = {isa = PBXFileReference; explicitFileType = wrapper.cfbundle; includeInIndex = 0; path = "Fever MonitorUITests.xctest"; sourceTree = BUILT_PRODUCTS_DIR; };
		9A106043284F0194002FE0BA /* Fever_MonitorUITests.swift */ = {isa = PBXFileReference; lastKnownFileType = sourcecode.swift; path = Fever_MonitorUITests.swift; sourceTree = "<group>"; };
		9A106045284F0194002FE0BA /* Fever_MonitorUITestsLaunchTests.swift */ = {isa = PBXFileReference; lastKnownFileType = sourcecode.swift; path = Fever_MonitorUITestsLaunchTests.swift; sourceTree = "<group>"; };
		9A106056284F2D3B002FE0BA /* Dashboard.swift */ = {isa = PBXFileReference; lastKnownFileType = sourcecode.swift; path = Dashboard.swift; sourceTree = "<group>"; };
		9A106058284F2D71002FE0BA /* ItemRow.swift */ = {isa = PBXFileReference; lastKnownFileType = sourcecode.swift; path = ItemRow.swift; sourceTree = "<group>"; };
		9A10605C284F2E39002FE0BA /* IntEx.swift */ = {isa = PBXFileReference; lastKnownFileType = sourcecode.swift; path = IntEx.swift; sourceTree = "<group>"; };
		9A10605E284F3049002FE0BA /* TempList.swift */ = {isa = PBXFileReference; lastKnownFileType = sourcecode.swift; path = TempList.swift; sourceTree = "<group>"; };
		9A106062284F3355002FE0BA /* Globals.swift */ = {isa = PBXFileReference; lastKnownFileType = sourcecode.swift; path = Globals.swift; sourceTree = "<group>"; };
		9A106064284F33C9002FE0BA /* DateEx.swift */ = {isa = PBXFileReference; lastKnownFileType = sourcecode.swift; path = DateEx.swift; sourceTree = "<group>"; };
		9A106066284F3A74002FE0BA /* HideenEx.swift */ = {isa = PBXFileReference; lastKnownFileType = sourcecode.swift; path = HideenEx.swift; sourceTree = "<group>"; };
		9A106068284F3B66002FE0BA /* Functions.swift */ = {isa = PBXFileReference; lastKnownFileType = sourcecode.swift; path = Functions.swift; sourceTree = "<group>"; };
		9A10606B284F3B8B002FE0BA /* Users.swift */ = {isa = PBXFileReference; lastKnownFileType = sourcecode.swift; path = Users.swift; sourceTree = "<group>"; };
		9A10606E284F3C00002FE0BA /* DefaultIcon.swift */ = {isa = PBXFileReference; lastKnownFileType = sourcecode.swift; path = DefaultIcon.swift; sourceTree = "<group>"; };
		9A106070284F3C87002FE0BA /* DoubleEx.swift */ = {isa = PBXFileReference; lastKnownFileType = sourcecode.swift; path = DoubleEx.swift; sourceTree = "<group>"; };
		9A106073284F95A1002FE0BA /* SafeArea.swift */ = {isa = PBXFileReference; lastKnownFileType = sourcecode.swift; path = SafeArea.swift; sourceTree = "<group>"; };
		9A106078284FA370002FE0BA /* ViewEx.swift */ = {isa = PBXFileReference; lastKnownFileType = sourcecode.swift; path = ViewEx.swift; sourceTree = "<group>"; };
		9A10607A284FA816002FE0BA /* LaunchScreen.swift */ = {isa = PBXFileReference; lastKnownFileType = sourcecode.swift; path = LaunchScreen.swift; sourceTree = "<group>"; };
		9A10607E2850604E002FE0BA /* CircleNavigationButton.swift */ = {isa = PBXFileReference; lastKnownFileType = sourcecode.swift; path = CircleNavigationButton.swift; sourceTree = "<group>"; };
		9A10608028506903002FE0BA /* TempListEx.swift */ = {isa = PBXFileReference; lastKnownFileType = sourcecode.swift; path = TempListEx.swift; sourceTree = "<group>"; };
/* End PBXFileReference section */

/* Begin PBXFrameworksBuildPhase section */
		9A106021284F0193002FE0BA /* Frameworks */ = {
			isa = PBXFrameworksBuildPhase;
			buildActionMask = 2147483647;
			files = (
				9A106054284F2528002FE0BA /* SwiftUIPager in Frameworks */,
			);
			runOnlyForDeploymentPostprocessing = 0;
		};
		9A106032284F0194002FE0BA /* Frameworks */ = {
			isa = PBXFrameworksBuildPhase;
			buildActionMask = 2147483647;
			files = (
			);
			runOnlyForDeploymentPostprocessing = 0;
		};
		9A10603C284F0194002FE0BA /* Frameworks */ = {
			isa = PBXFrameworksBuildPhase;
			buildActionMask = 2147483647;
			files = (
			);
			runOnlyForDeploymentPostprocessing = 0;
		};
/* End PBXFrameworksBuildPhase section */

/* Begin PBXGroup section */
		9A10601B284F0193002FE0BA = {
			isa = PBXGroup;
			children = (
				9A106026284F0193002FE0BA /* Fever Monitor */,
				9A106038284F0194002FE0BA /* Fever MonitorTests */,
				9A106042284F0194002FE0BA /* Fever MonitorUITests */,
				9A106025284F0193002FE0BA /* Products */,
			);
			sourceTree = "<group>";
		};
		9A106025284F0193002FE0BA /* Products */ = {
			isa = PBXGroup;
			children = (
				9A106024284F0193002FE0BA /* Fever Monitor.app */,
				9A106035284F0194002FE0BA /* Fever MonitorTests.xctest */,
				9A10603F284F0194002FE0BA /* Fever MonitorUITests.xctest */,
			);
			name = Products;
			sourceTree = "<group>";
		};
		9A106026284F0193002FE0BA /* Fever Monitor */ = {
			isa = PBXGroup;
			children = (
				9A106075284FA0BB002FE0BA /* Models */,
				9A106072284F9596002FE0BA /* Data */,
				9A10606A284F3B7B002FE0BA /* Lists */,
				9A10605B284F2DF9002FE0BA /* Extensions */,
				9A106055284F2D22002FE0BA /* Views */,
				9A106027284F0193002FE0BA /* Fever_MonitorApp.swift */,
				9A106029284F0193002FE0BA /* ContentView.swift */,
				9A10602B284F0194002FE0BA /* Assets.xcassets */,
				9A10602D284F0194002FE0BA /* Fever_Monitor.entitlements */,
				9A10602E284F0194002FE0BA /* Preview Content */,
				9A106062284F3355002FE0BA /* Globals.swift */,
				9A106068284F3B66002FE0BA /* Functions.swift */,
			);
			path = "Fever Monitor";
			sourceTree = "<group>";
		};
		9A10602E284F0194002FE0BA /* Preview Content */ = {
			isa = PBXGroup;
			children = (
				9A10602F284F0194002FE0BA /* Preview Assets.xcassets */,
			);
			path = "Preview Content";
			sourceTree = "<group>";
		};
		9A106038284F0194002FE0BA /* Fever MonitorTests */ = {
			isa = PBXGroup;
			children = (
				9A106039284F0194002FE0BA /* Fever_MonitorTests.swift */,
			);
			path = "Fever MonitorTests";
			sourceTree = "<group>";
		};
		9A106042284F0194002FE0BA /* Fever MonitorUITests */ = {
			isa = PBXGroup;
			children = (
				9A106043284F0194002FE0BA /* Fever_MonitorUITests.swift */,
				9A106045284F0194002FE0BA /* Fever_MonitorUITestsLaunchTests.swift */,
			);
			path = "Fever MonitorUITests";
			sourceTree = "<group>";
		};
		9A106055284F2D22002FE0BA /* Views */ = {
			isa = PBXGroup;
			children = (
				9A10606D284F3BED002FE0BA /* Parts */,
				9A10605A284F2D75002FE0BA /* Main */,
				9A10607A284FA816002FE0BA /* LaunchScreen.swift */,
			);
			path = Views;
			sourceTree = "<group>";
		};
		9A10605A284F2D75002FE0BA /* Main */ = {
			isa = PBXGroup;
			children = (
				9A106056284F2D3B002FE0BA /* Dashboard.swift */,
				9A106058284F2D71002FE0BA /* ItemRow.swift */,
			);
			path = Main;
			sourceTree = "<group>";
		};
		9A10605B284F2DF9002FE0BA /* Extensions */ = {
			isa = PBXGroup;
			children = (
				9A10605C284F2E39002FE0BA /* IntEx.swift */,
				9A106064284F33C9002FE0BA /* DateEx.swift */,
				9A106066284F3A74002FE0BA /* HideenEx.swift */,
				9A106070284F3C87002FE0BA /* DoubleEx.swift */,
				9A106078284FA370002FE0BA /* ViewEx.swift */,
				9A10608028506903002FE0BA /* TempListEx.swift */,
			);
			path = Extensions;
			sourceTree = "<group>";
		};
		9A10606A284F3B7B002FE0BA /* Lists */ = {
			isa = PBXGroup;
			children = (
				9A10605E284F3049002FE0BA /* TempList.swift */,
				9A10606B284F3B8B002FE0BA /* Users.swift */,
			);
			path = Lists;
			sourceTree = "<group>";
		};
		9A10606D284F3BED002FE0BA /* Parts */ = {
			isa = PBXGroup;
			children = (
				9A10606E284F3C00002FE0BA /* DefaultIcon.swift */,
				9A10607E2850604E002FE0BA /* CircleNavigationButton.swift */,
			);
			path = Parts;
			sourceTree = "<group>";
		};
		9A106072284F9596002FE0BA /* Data */ = {
			isa = PBXGroup;
			children = (
				9A106073284F95A1002FE0BA /* SafeArea.swift */,
			);
			path = Data;
			sourceTree = "<group>";
		};
		9A106075284FA0BB002FE0BA /* Models */ = {
			isa = PBXGroup;
			children = (
			);
			path = Models;
			sourceTree = "<group>";
		};
/* End PBXGroup section */

/* Begin PBXNativeTarget section */
		9A106023284F0193002FE0BA /* Fever Monitor */ = {
			isa = PBXNativeTarget;
			buildConfigurationList = 9A106049284F0194002FE0BA /* Build configuration list for PBXNativeTarget "Fever Monitor" */;
			buildPhases = (
				9A106020284F0193002FE0BA /* Sources */,
				9A106021284F0193002FE0BA /* Frameworks */,
				9A106022284F0193002FE0BA /* Resources */,
			);
			buildRules = (
			);
			dependencies = (
			);
			name = "Fever Monitor";
			packageProductDependencies = (
				9A106053284F2528002FE0BA /* SwiftUIPager */,
			);
			productName = "Fever Monitor";
			productReference = 9A106024284F0193002FE0BA /* Fever Monitor.app */;
			productType = "com.apple.product-type.application";
		};
		9A106034284F0194002FE0BA /* Fever MonitorTests */ = {
			isa = PBXNativeTarget;
			buildConfigurationList = 9A10604C284F0194002FE0BA /* Build configuration list for PBXNativeTarget "Fever MonitorTests" */;
			buildPhases = (
				9A106031284F0194002FE0BA /* Sources */,
				9A106032284F0194002FE0BA /* Frameworks */,
				9A106033284F0194002FE0BA /* Resources */,
			);
			buildRules = (
			);
			dependencies = (
				9A106037284F0194002FE0BA /* PBXTargetDependency */,
			);
			name = "Fever MonitorTests";
			productName = "Fever MonitorTests";
			productReference = 9A106035284F0194002FE0BA /* Fever MonitorTests.xctest */;
			productType = "com.apple.product-type.bundle.unit-test";
		};
		9A10603E284F0194002FE0BA /* Fever MonitorUITests */ = {
			isa = PBXNativeTarget;
			buildConfigurationList = 9A10604F284F0194002FE0BA /* Build configuration list for PBXNativeTarget "Fever MonitorUITests" */;
			buildPhases = (
				9A10603B284F0194002FE0BA /* Sources */,
				9A10603C284F0194002FE0BA /* Frameworks */,
				9A10603D284F0194002FE0BA /* Resources */,
			);
			buildRules = (
			);
			dependencies = (
				9A106041284F0194002FE0BA /* PBXTargetDependency */,
			);
			name = "Fever MonitorUITests";
			productName = "Fever MonitorUITests";
			productReference = 9A10603F284F0194002FE0BA /* Fever MonitorUITests.xctest */;
			productType = "com.apple.product-type.bundle.ui-testing";
		};
/* End PBXNativeTarget section */

/* Begin PBXProject section */
		9A10601C284F0193002FE0BA /* Project object */ = {
			isa = PBXProject;
			attributes = {
				BuildIndependentTargetsInParallel = 1;
				LastSwiftUpdateCheck = 1400;
				LastUpgradeCheck = 1400;
				TargetAttributes = {
					9A106023284F0193002FE0BA = {
						CreatedOnToolsVersion = 14.0;
					};
					9A106034284F0194002FE0BA = {
						CreatedOnToolsVersion = 14.0;
						TestTargetID = 9A106023284F0193002FE0BA;
					};
					9A10603E284F0194002FE0BA = {
						CreatedOnToolsVersion = 14.0;
						TestTargetID = 9A106023284F0193002FE0BA;
					};
				};
			};
			buildConfigurationList = 9A10601F284F0193002FE0BA /* Build configuration list for PBXProject "Fever Monitor" */;
			compatibilityVersion = "Xcode 14.0";
			developmentRegion = en;
			hasScannedForEncodings = 0;
			knownRegions = (
				en,
				Base,
			);
			mainGroup = 9A10601B284F0193002FE0BA;
			packageReferences = (
				9A106052284F2528002FE0BA /* XCRemoteSwiftPackageReference "SwiftUIPager" */,
			);
			productRefGroup = 9A106025284F0193002FE0BA /* Products */;
			projectDirPath = "";
			projectRoot = "";
			targets = (
				9A106023284F0193002FE0BA /* Fever Monitor */,
				9A106034284F0194002FE0BA /* Fever MonitorTests */,
				9A10603E284F0194002FE0BA /* Fever MonitorUITests */,
			);
		};
/* End PBXProject section */

/* Begin PBXResourcesBuildPhase section */
		9A106022284F0193002FE0BA /* Resources */ = {
			isa = PBXResourcesBuildPhase;
			buildActionMask = 2147483647;
			files = (
				9A106030284F0194002FE0BA /* Preview Assets.xcassets in Resources */,
				9A10602C284F0194002FE0BA /* Assets.xcassets in Resources */,
			);
			runOnlyForDeploymentPostprocessing = 0;
		};
		9A106033284F0194002FE0BA /* Resources */ = {
			isa = PBXResourcesBuildPhase;
			buildActionMask = 2147483647;
			files = (
			);
			runOnlyForDeploymentPostprocessing = 0;
		};
		9A10603D284F0194002FE0BA /* Resources */ = {
			isa = PBXResourcesBuildPhase;
			buildActionMask = 2147483647;
			files = (
			);
			runOnlyForDeploymentPostprocessing = 0;
		};
/* End PBXResourcesBuildPhase section */

/* Begin PBXSourcesBuildPhase section */
		9A106020284F0193002FE0BA /* Sources */ = {
			isa = PBXSourcesBuildPhase;
			buildActionMask = 2147483647;
			files = (
				9A106067284F3A74002FE0BA /* HideenEx.swift in Sources */,
				9A10607B284FA816002FE0BA /* LaunchScreen.swift in Sources */,
				9A10602A284F0193002FE0BA /* ContentView.swift in Sources */,
				9A106057284F2D3B002FE0BA /* Dashboard.swift in Sources */,
				9A106079284FA370002FE0BA /* ViewEx.swift in Sources */,
				9A106074284F95A1002FE0BA /* SafeArea.swift in Sources */,
				9A106071284F3C87002FE0BA /* DoubleEx.swift in Sources */,
				9A10606C284F3B8B002FE0BA /* Users.swift in Sources */,
				9A10606F284F3C00002FE0BA /* DefaultIcon.swift in Sources */,
				9A106069284F3B66002FE0BA /* Functions.swift in Sources */,
				9A106028284F0193002FE0BA /* Fever_MonitorApp.swift in Sources */,
				9A106063284F3355002FE0BA /* Globals.swift in Sources */,
				9A10607F2850604E002FE0BA /* CircleNavigationButton.swift in Sources */,
				9A10608128506903002FE0BA /* TempListEx.swift in Sources */,
				9A10605F284F3049002FE0BA /* TempList.swift in Sources */,
				9A106059284F2D71002FE0BA /* ItemRow.swift in Sources */,
				9A106065284F33C9002FE0BA /* DateEx.swift in Sources */,
				9A10605D284F2E39002FE0BA /* IntEx.swift in Sources */,
			);
			runOnlyForDeploymentPostprocessing = 0;
		};
		9A106031284F0194002FE0BA /* Sources */ = {
			isa = PBXSourcesBuildPhase;
			buildActionMask = 2147483647;
			files = (
				9A10603A284F0194002FE0BA /* Fever_MonitorTests.swift in Sources */,
			);
			runOnlyForDeploymentPostprocessing = 0;
		};
		9A10603B284F0194002FE0BA /* Sources */ = {
			isa = PBXSourcesBuildPhase;
			buildActionMask = 2147483647;
			files = (
				9A106046284F0194002FE0BA /* Fever_MonitorUITestsLaunchTests.swift in Sources */,
				9A106044284F0194002FE0BA /* Fever_MonitorUITests.swift in Sources */,
			);
			runOnlyForDeploymentPostprocessing = 0;
		};
/* End PBXSourcesBuildPhase section */

/* Begin PBXTargetDependency section */
		9A106037284F0194002FE0BA /* PBXTargetDependency */ = {
			isa = PBXTargetDependency;
			target = 9A106023284F0193002FE0BA /* Fever Monitor */;
			targetProxy = 9A106036284F0194002FE0BA /* PBXContainerItemProxy */;
		};
		9A106041284F0194002FE0BA /* PBXTargetDependency */ = {
			isa = PBXTargetDependency;
			target = 9A106023284F0193002FE0BA /* Fever Monitor */;
			targetProxy = 9A106040284F0194002FE0BA /* PBXContainerItemProxy */;
		};
/* End PBXTargetDependency section */

/* Begin XCBuildConfiguration section */
		9A106047284F0194002FE0BA /* Debug */ = {
			isa = XCBuildConfiguration;
			buildSettings = {
				ALWAYS_SEARCH_USER_PATHS = NO;
				CLANG_ANALYZER_NONNULL = YES;
				CLANG_ANALYZER_NUMBER_OBJECT_CONVERSION = YES_AGGRESSIVE;
				CLANG_CXX_LANGUAGE_STANDARD = "gnu++17";
				CLANG_ENABLE_MODULES = YES;
				CLANG_ENABLE_OBJC_ARC = YES;
				CLANG_ENABLE_OBJC_WEAK = YES;
				CLANG_WARN_BLOCK_CAPTURE_AUTORELEASING = YES;
				CLANG_WARN_BOOL_CONVERSION = YES;
				CLANG_WARN_COMMA = YES;
				CLANG_WARN_CONSTANT_CONVERSION = YES;
				CLANG_WARN_DEPRECATED_OBJC_IMPLEMENTATIONS = YES;
				CLANG_WARN_DIRECT_OBJC_ISA_USAGE = YES_ERROR;
				CLANG_WARN_DOCUMENTATION_COMMENTS = YES;
				CLANG_WARN_EMPTY_BODY = YES;
				CLANG_WARN_ENUM_CONVERSION = YES;
				CLANG_WARN_INFINITE_RECURSION = YES;
				CLANG_WARN_INT_CONVERSION = YES;
				CLANG_WARN_NON_LITERAL_NULL_CONVERSION = YES;
				CLANG_WARN_OBJC_IMPLICIT_RETAIN_SELF = YES;
				CLANG_WARN_OBJC_LITERAL_CONVERSION = YES;
				CLANG_WARN_OBJC_ROOT_CLASS = YES_ERROR;
				CLANG_WARN_QUOTED_INCLUDE_IN_FRAMEWORK_HEADER = YES;
				CLANG_WARN_RANGE_LOOP_ANALYSIS = YES;
				CLANG_WARN_STRICT_PROTOTYPES = YES;
				CLANG_WARN_SUSPICIOUS_MOVE = YES;
				CLANG_WARN_UNGUARDED_AVAILABILITY = YES_AGGRESSIVE;
				CLANG_WARN_UNREACHABLE_CODE = YES;
				CLANG_WARN__DUPLICATE_METHOD_MATCH = YES;
				COPY_PHASE_STRIP = NO;
				DEBUG_INFORMATION_FORMAT = dwarf;
				ENABLE_STRICT_OBJC_MSGSEND = YES;
				ENABLE_TESTABILITY = YES;
				GCC_C_LANGUAGE_STANDARD = gnu11;
				GCC_DYNAMIC_NO_PIC = NO;
				GCC_NO_COMMON_BLOCKS = YES;
				GCC_OPTIMIZATION_LEVEL = 0;
				GCC_PREPROCESSOR_DEFINITIONS = (
					"DEBUG=1",
					"$(inherited)",
				);
				GCC_WARN_64_TO_32_BIT_CONVERSION = YES;
				GCC_WARN_ABOUT_RETURN_TYPE = YES_ERROR;
				GCC_WARN_UNDECLARED_SELECTOR = YES;
				GCC_WARN_UNINITIALIZED_AUTOS = YES_AGGRESSIVE;
				GCC_WARN_UNUSED_FUNCTION = YES;
				GCC_WARN_UNUSED_VARIABLE = YES;
				MTL_ENABLE_DEBUG_INFO = INCLUDE_SOURCE;
				MTL_FAST_MATH = YES;
				ONLY_ACTIVE_ARCH = YES;
				SWIFT_ACTIVE_COMPILATION_CONDITIONS = DEBUG;
				SWIFT_OPTIMIZATION_LEVEL = "-Onone";
			};
			name = Debug;
		};
		9A106048284F0194002FE0BA /* Release */ = {
			isa = XCBuildConfiguration;
			buildSettings = {
				ALWAYS_SEARCH_USER_PATHS = NO;
				CLANG_ANALYZER_NONNULL = YES;
				CLANG_ANALYZER_NUMBER_OBJECT_CONVERSION = YES_AGGRESSIVE;
				CLANG_CXX_LANGUAGE_STANDARD = "gnu++17";
				CLANG_ENABLE_MODULES = YES;
				CLANG_ENABLE_OBJC_ARC = YES;
				CLANG_ENABLE_OBJC_WEAK = YES;
				CLANG_WARN_BLOCK_CAPTURE_AUTORELEASING = YES;
				CLANG_WARN_BOOL_CONVERSION = YES;
				CLANG_WARN_COMMA = YES;
				CLANG_WARN_CONSTANT_CONVERSION = YES;
				CLANG_WARN_DEPRECATED_OBJC_IMPLEMENTATIONS = YES;
				CLANG_WARN_DIRECT_OBJC_ISA_USAGE = YES_ERROR;
				CLANG_WARN_DOCUMENTATION_COMMENTS = YES;
				CLANG_WARN_EMPTY_BODY = YES;
				CLANG_WARN_ENUM_CONVERSION = YES;
				CLANG_WARN_INFINITE_RECURSION = YES;
				CLANG_WARN_INT_CONVERSION = YES;
				CLANG_WARN_NON_LITERAL_NULL_CONVERSION = YES;
				CLANG_WARN_OBJC_IMPLICIT_RETAIN_SELF = YES;
				CLANG_WARN_OBJC_LITERAL_CONVERSION = YES;
				CLANG_WARN_OBJC_ROOT_CLASS = YES_ERROR;
				CLANG_WARN_QUOTED_INCLUDE_IN_FRAMEWORK_HEADER = YES;
				CLANG_WARN_RANGE_LOOP_ANALYSIS = YES;
				CLANG_WARN_STRICT_PROTOTYPES = YES;
				CLANG_WARN_SUSPICIOUS_MOVE = YES;
				CLANG_WARN_UNGUARDED_AVAILABILITY = YES_AGGRESSIVE;
				CLANG_WARN_UNREACHABLE_CODE = YES;
				CLANG_WARN__DUPLICATE_METHOD_MATCH = YES;
				COPY_PHASE_STRIP = NO;
				DEBUG_INFORMATION_FORMAT = "dwarf-with-dsym";
				ENABLE_NS_ASSERTIONS = NO;
				ENABLE_STRICT_OBJC_MSGSEND = YES;
				GCC_C_LANGUAGE_STANDARD = gnu11;
				GCC_NO_COMMON_BLOCKS = YES;
				GCC_WARN_64_TO_32_BIT_CONVERSION = YES;
				GCC_WARN_ABOUT_RETURN_TYPE = YES_ERROR;
				GCC_WARN_UNDECLARED_SELECTOR = YES;
				GCC_WARN_UNINITIALIZED_AUTOS = YES_AGGRESSIVE;
				GCC_WARN_UNUSED_FUNCTION = YES;
				GCC_WARN_UNUSED_VARIABLE = YES;
				MTL_ENABLE_DEBUG_INFO = NO;
				MTL_FAST_MATH = YES;
				SWIFT_COMPILATION_MODE = wholemodule;
				SWIFT_OPTIMIZATION_LEVEL = "-O";
			};
			name = Release;
		};
		9A10604A284F0194002FE0BA /* Debug */ = {
			isa = XCBuildConfiguration;
			buildSettings = {
				ASSETCATALOG_COMPILER_APPICON_NAME = AppIcon;
				ASSETCATALOG_COMPILER_GLOBAL_ACCENT_COLOR_NAME = AccentColor;
				CODE_SIGN_ENTITLEMENTS = "Fever Monitor/Fever_Monitor.entitlements";
				CODE_SIGN_STYLE = Automatic;
				CURRENT_PROJECT_VERSION = 1;
				DEVELOPMENT_ASSET_PATHS = "\"Fever Monitor/Preview Content\"";
				DEVELOPMENT_TEAM = 94WA597YZM;
				ENABLE_HARDENED_RUNTIME = YES;
				ENABLE_PREVIEWS = YES;
				GENERATE_INFOPLIST_FILE = YES;
				INFOPLIST_KEY_CFBundleDisplayName = "Fever Monitor";
				INFOPLIST_KEY_LSApplicationCategoryType = "public.app-category.medical";
				"INFOPLIST_KEY_UILaunchScreen_Generation[sdk=iphoneos*]" = YES;
				"INFOPLIST_KEY_UILaunchScreen_Generation[sdk=iphonesimulator*]" = YES;
				INFOPLIST_KEY_UISupportedInterfaceOrientations = UIInterfaceOrientationPortrait;
				INFOPLIST_KEY_UISupportedInterfaceOrientations_iPad = "UIInterfaceOrientationLandscapeLeft UIInterfaceOrientationLandscapeRight UIInterfaceOrientationPortraitUpsideDown";
				IPHONEOS_DEPLOYMENT_TARGET = 16.0;
				LD_RUNPATH_SEARCH_PATHS = "@executable_path/Frameworks";
				"LD_RUNPATH_SEARCH_PATHS[sdk=macosx*]" = "@executable_path/../Frameworks";
				MACOSX_DEPLOYMENT_TARGET = 12.4;
				MARKETING_VERSION = 1.0;
				PRODUCT_BUNDLE_IDENTIFIER = "yu-takahashi.Fever-Monitor";
				PRODUCT_NAME = "$(TARGET_NAME)";
				SDKROOT = auto;
				SUPPORTED_PLATFORMS = "iphoneos iphonesimulator";
				SUPPORTS_MACCATALYST = NO;
				SUPPORTS_MAC_DESIGNED_FOR_IPHONE_IPAD = NO;
				SWIFT_EMIT_LOC_STRINGS = YES;
				SWIFT_VERSION = 5.0;
				TARGETED_DEVICE_FAMILY = 1;
			};
			name = Debug;
		};
		9A10604B284F0194002FE0BA /* Release */ = {
			isa = XCBuildConfiguration;
			buildSettings = {
				ASSETCATALOG_COMPILER_APPICON_NAME = AppIcon;
				ASSETCATALOG_COMPILER_GLOBAL_ACCENT_COLOR_NAME = AccentColor;
				CODE_SIGN_ENTITLEMENTS = "Fever Monitor/Fever_Monitor.entitlements";
				CODE_SIGN_STYLE = Automatic;
				CURRENT_PROJECT_VERSION = 1;
				DEVELOPMENT_ASSET_PATHS = "\"Fever Monitor/Preview Content\"";
				DEVELOPMENT_TEAM = 94WA597YZM;
				ENABLE_HARDENED_RUNTIME = YES;
				ENABLE_PREVIEWS = YES;
				GENERATE_INFOPLIST_FILE = YES;
				INFOPLIST_KEY_CFBundleDisplayName = "Fever Monitor";
				INFOPLIST_KEY_LSApplicationCategoryType = "public.app-category.medical";
				"INFOPLIST_KEY_UILaunchScreen_Generation[sdk=iphoneos*]" = YES;
				"INFOPLIST_KEY_UILaunchScreen_Generation[sdk=iphonesimulator*]" = YES;
				INFOPLIST_KEY_UISupportedInterfaceOrientations = UIInterfaceOrientationPortrait;
				INFOPLIST_KEY_UISupportedInterfaceOrientations_iPad = "UIInterfaceOrientationLandscapeLeft UIInterfaceOrientationLandscapeRight UIInterfaceOrientationPortraitUpsideDown";
				IPHONEOS_DEPLOYMENT_TARGET = 16.0;
				LD_RUNPATH_SEARCH_PATHS = "@executable_path/Frameworks";
				"LD_RUNPATH_SEARCH_PATHS[sdk=macosx*]" = "@executable_path/../Frameworks";
				MACOSX_DEPLOYMENT_TARGET = 12.4;
				MARKETING_VERSION = 1.0;
				PRODUCT_BUNDLE_IDENTIFIER = "yu-takahashi.Fever-Monitor";
				PRODUCT_NAME = "$(TARGET_NAME)";
				SDKROOT = auto;
				SUPPORTED_PLATFORMS = "iphoneos iphonesimulator";
				SUPPORTS_MACCATALYST = NO;
				SUPPORTS_MAC_DESIGNED_FOR_IPHONE_IPAD = NO;
				SWIFT_EMIT_LOC_STRINGS = YES;
				SWIFT_VERSION = 5.0;
				TARGETED_DEVICE_FAMILY = 1;
			};
			name = Release;
		};
		9A10604D284F0194002FE0BA /* Debug */ = {
			isa = XCBuildConfiguration;
			buildSettings = {
				ALWAYS_EMBED_SWIFT_STANDARD_LIBRARIES = YES;
				BUNDLE_LOADER = "$(TEST_HOST)";
				CODE_SIGN_STYLE = Automatic;
				CURRENT_PROJECT_VERSION = 1;
				DEVELOPMENT_TEAM = 94WA597YZM;
				GENERATE_INFOPLIST_FILE = YES;
				IPHONEOS_DEPLOYMENT_TARGET = 16.0;
				MACOSX_DEPLOYMENT_TARGET = 12.4;
				MARKETING_VERSION = 1.0;
				PRODUCT_BUNDLE_IDENTIFIER = "yu-takahashi.Fever-MonitorTests";
				PRODUCT_NAME = "$(TARGET_NAME)";
				SDKROOT = auto;
				SUPPORTED_PLATFORMS = "iphoneos iphonesimulator macosx";
				SWIFT_EMIT_LOC_STRINGS = NO;
				SWIFT_VERSION = 5.0;
				TARGETED_DEVICE_FAMILY = "1,2";
				TEST_HOST = "$(BUILT_PRODUCTS_DIR)/Fever Monitor.app/$(BUNDLE_EXECUTABLE_FOLDER_PATH)/Fever Monitor";
			};
			name = Debug;
		};
		9A10604E284F0194002FE0BA /* Release */ = {
			isa = XCBuildConfiguration;
			buildSettings = {
				ALWAYS_EMBED_SWIFT_STANDARD_LIBRARIES = YES;
				BUNDLE_LOADER = "$(TEST_HOST)";
				CODE_SIGN_STYLE = Automatic;
				CURRENT_PROJECT_VERSION = 1;
				DEVELOPMENT_TEAM = 94WA597YZM;
				GENERATE_INFOPLIST_FILE = YES;
				IPHONEOS_DEPLOYMENT_TARGET = 16.0;
				MACOSX_DEPLOYMENT_TARGET = 12.4;
				MARKETING_VERSION = 1.0;
				PRODUCT_BUNDLE_IDENTIFIER = "yu-takahashi.Fever-MonitorTests";
				PRODUCT_NAME = "$(TARGET_NAME)";
				SDKROOT = auto;
				SUPPORTED_PLATFORMS = "iphoneos iphonesimulator macosx";
				SWIFT_EMIT_LOC_STRINGS = NO;
				SWIFT_VERSION = 5.0;
				TARGETED_DEVICE_FAMILY = "1,2";
				TEST_HOST = "$(BUILT_PRODUCTS_DIR)/Fever Monitor.app/$(BUNDLE_EXECUTABLE_FOLDER_PATH)/Fever Monitor";
			};
			name = Release;
		};
		9A106050284F0194002FE0BA /* Debug */ = {
			isa = XCBuildConfiguration;
			buildSettings = {
				ALWAYS_EMBED_SWIFT_STANDARD_LIBRARIES = YES;
				CODE_SIGN_STYLE = Automatic;
				CURRENT_PROJECT_VERSION = 1;
				DEVELOPMENT_TEAM = 94WA597YZM;
				GENERATE_INFOPLIST_FILE = YES;
				IPHONEOS_DEPLOYMENT_TARGET = 16.0;
				MACOSX_DEPLOYMENT_TARGET = 12.4;
				MARKETING_VERSION = 1.0;
				PRODUCT_BUNDLE_IDENTIFIER = "yu-takahashi.Fever-MonitorUITests";
				PRODUCT_NAME = "$(TARGET_NAME)";
				SDKROOT = auto;
				SUPPORTED_PLATFORMS = "iphoneos iphonesimulator macosx";
				SWIFT_EMIT_LOC_STRINGS = NO;
				SWIFT_VERSION = 5.0;
				TARGETED_DEVICE_FAMILY = "1,2";
				TEST_TARGET_NAME = "Fever Monitor";
			};
			name = Debug;
		};
		9A106051284F0194002FE0BA /* Release */ = {
			isa = XCBuildConfiguration;
			buildSettings = {
				ALWAYS_EMBED_SWIFT_STANDARD_LIBRARIES = YES;
				CODE_SIGN_STYLE = Automatic;
				CURRENT_PROJECT_VERSION = 1;
				DEVELOPMENT_TEAM = 94WA597YZM;
				GENERATE_INFOPLIST_FILE = YES;
				IPHONEOS_DEPLOYMENT_TARGET = 16.0;
				MACOSX_DEPLOYMENT_TARGET = 12.4;
				MARKETING_VERSION = 1.0;
				PRODUCT_BUNDLE_IDENTIFIER = "yu-takahashi.Fever-MonitorUITests";
				PRODUCT_NAME = "$(TARGET_NAME)";
				SDKROOT = auto;
				SUPPORTED_PLATFORMS = "iphoneos iphonesimulator macosx";
				SWIFT_EMIT_LOC_STRINGS = NO;
				SWIFT_VERSION = 5.0;
				TARGETED_DEVICE_FAMILY = "1,2";
				TEST_TARGET_NAME = "Fever Monitor";
			};
			name = Release;
		};
/* End XCBuildConfiguration section */

/* Begin XCConfigurationList section */
		9A10601F284F0193002FE0BA /* Build configuration list for PBXProject "Fever Monitor" */ = {
			isa = XCConfigurationList;
			buildConfigurations = (
				9A106047284F0194002FE0BA /* Debug */,
				9A106048284F0194002FE0BA /* Release */,
			);
			defaultConfigurationIsVisible = 0;
			defaultConfigurationName = Release;
		};
		9A106049284F0194002FE0BA /* Build configuration list for PBXNativeTarget "Fever Monitor" */ = {
			isa = XCConfigurationList;
			buildConfigurations = (
				9A10604A284F0194002FE0BA /* Debug */,
				9A10604B284F0194002FE0BA /* Release */,
			);
			defaultConfigurationIsVisible = 0;
			defaultConfigurationName = Release;
		};
		9A10604C284F0194002FE0BA /* Build configuration list for PBXNativeTarget "Fever MonitorTests" */ = {
			isa = XCConfigurationList;
			buildConfigurations = (
				9A10604D284F0194002FE0BA /* Debug */,
				9A10604E284F0194002FE0BA /* Release */,
			);
			defaultConfigurationIsVisible = 0;
			defaultConfigurationName = Release;
		};
		9A10604F284F0194002FE0BA /* Build configuration list for PBXNativeTarget "Fever MonitorUITests" */ = {
			isa = XCConfigurationList;
			buildConfigurations = (
				9A106050284F0194002FE0BA /* Debug */,
				9A106051284F0194002FE0BA /* Release */,
			);
			defaultConfigurationIsVisible = 0;
			defaultConfigurationName = Release;
		};
/* End XCConfigurationList section */

/* Begin XCRemoteSwiftPackageReference section */
		9A106052284F2528002FE0BA /* XCRemoteSwiftPackageReference "SwiftUIPager" */ = {
			isa = XCRemoteSwiftPackageReference;
			repositoryURL = "https://github.com/fermoya/SwiftUIPager";
			requirement = {
				kind = upToNextMajorVersion;
				minimumVersion = 2.0.0;
			};
		};
/* End XCRemoteSwiftPackageReference section */

/* Begin XCSwiftPackageProductDependency section */
		9A106053284F2528002FE0BA /* SwiftUIPager */ = {
			isa = XCSwiftPackageProductDependency;
			package = 9A106052284F2528002FE0BA /* XCRemoteSwiftPackageReference "SwiftUIPager" */;
			productName = SwiftUIPager;
		};
/* End XCSwiftPackageProductDependency section */
	};
	rootObject = 9A10601C284F0193002FE0BA /* Project object */;
}
